Microsoft Visual Studio Solution File, Format Version 12.00
# Visual Studio Version 17
VisualStudioVersion = 17.5.2.0
MinimumVisualStudioVersion = 10.0.40219.1
Project("{FAE04EC0-301F-11D3-BF4B-00C04F79EFBC}") = "StickerApp", "StickerApp\StickerApp.csproj", "{798AC2D5-E80B-3D52-CE77-1FA539F10325}"
EndProject
Global
	GlobalSection(SolutionConfigurationPlatforms) = preSolution
		Debug|Any CPU = Debug|Any CPU
		Release|Any CPU = Release|Any CPU
	EndGlobalSection
	GlobalSection(ProjectConfigurationPlatforms) = postSolution
		{798AC2D5-E80B-3D52-CE77-1FA539F10325}.Debug|Any CPU.ActiveCfg = Debug|Any CPU
		{798AC2D5-E80B-3D52-CE77-1FA539F10325}.Debug|Any CPU.Build.0 = Debug|Any CPU
		{798AC2D5-E80B-3D52-CE77-1FA539F10325}.Release|Any CPU.ActiveCfg = Release|Any CPU
		{798AC2D5-E80B-3D52-CE77-1FA539F10325}.Release|Any CPU.Build.0 = Release|Any CPU
	EndGlobalSection
	GlobalSection(SolutionProperties) = preSolution
		HideSolutionNode = FALSE
	EndGlobalSection
	GlobalSection(ExtensibilityGlobals) = postSolution
		SolutionGuid = {762F5805-ACD2-449D-AECF-3F12D270485B}
	EndGlobalSection
EndGlobal
